
Microsoft Visual Studio Solution File, Format Version 12.00
# Visual Studio Version 16
VisualStudioVersion = 16.0.30717.126
MinimumVisualStudioVersion = 10.0.40219.1
Project("{FAE04EC0-301F-11D3-BF4B-00C04F79EFBC}") = "NftApp", "NftApp\NftApp.csproj", "{742EA2DD-3E70-4BE0-975A-A4A07FDDF62C}"
EndProject
Global
	GlobalSection(SolutionConfigurationPlatforms) = preSolution
		Debug|Any CPU = Debug|Any CPU
		Release|Any CPU = Release|Any CPU
	EndGlobalSection
	GlobalSection(ProjectConfigurationPlatforms) = postSolution
		{742EA2DD-3E70-4BE0-975A-A4A07FDDF62C}.Debug|Any CPU.ActiveCfg = Debug|Any CPU
		{742EA2DD-3E70-4BE0-975A-A4A07FDDF62C}.Debug|Any CPU.Build.0 = Debug|Any CPU
		{742EA2DD-3E70-4BE0-975A-A4A07FDDF62C}.Release|Any CPU.ActiveCfg = Release|Any CPU
		{742EA2DD-3E70-4BE0-975A-A4A07FDDF62C}.Release|Any CPU.Build.0 = Release|Any CPU
	EndGlobalSection
	GlobalSection(SolutionProperties) = preSolution
		HideSolutionNode = FALSE
	EndGlobalSection
	GlobalSection(ExtensibilityGlobals) = postSolution
		SolutionGuid = {C7DC3153-EF96-47B3-A367-0257B3DCB956}
	EndGlobalSection
EndGlobal
